# THIS IS AN AUTOGENERATED FILE. DO NOT EDIT THIS FILE DIRECTLY.
# yarn lockfile v1


geetest3@^1.0.0:
  version "1.0.0"
  resolved "https://registry.yarnpkg.com/geetest3/-/geetest3-1.0.0.tgz#6e943dbd87de3f3ad6fe329868b65efac762c055"

qs@^6.5.0:
  version "6.5.0"
  resolved "https://registry.yarnpkg.com/qs/-/qs-6.5.0.tgz#8d04954d364def3efc55b5a0793e1e2c8b1e6e49"
